
Microsoft Visual Studio Solution File, Format Version 12.00
# Visual Studio Version 17
VisualStudioVersion = 17.7.34221.43
MinimumVisualStudioVersion = 10.0.40219.1
Project("{FAE04EC0-301F-11D3-BF4B-00C04F79EFBC}") = "RSE.LearnBlazorHostedApp.Server", "RSE.LearnBlazorHostedApp\Server\RSE.LearnBlazorHostedApp.Server.csproj", "{0D98F177-EC40-4C95-9DE3-B71BB8CFB823}"
EndProject
Project("{FAE04EC0-301F-11D3-BF4B-00C04F79EFBC}") = "RSE.LearnBlazorHostedApp.Client", "RSE.LearnBlazorHostedApp\Client\RSE.LearnBlazorHostedApp.Client.csproj", "{4592D166-7898-47FD-8A4C-E3589899EDA5}"
EndProject
Project("{FAE04EC0-301F-11D3-BF4B-00C04F79EFBC}") = "RSE.LearnBlazorHostedApp.Shared", "RSE.LearnBlazorHostedApp\Shared\RSE.LearnBlazorHostedApp.Shared.csproj", "{7EFA4EF4-1C3E-4718-A26A-892892D23A8D}"
EndProject
Global
	GlobalSection(SolutionConfigurationPlatforms) = preSolution
		Debug|Any CPU = Debug|Any CPU
		Release|Any CPU = Release|Any CPU
	EndGlobalSection
	GlobalSection(ProjectConfigurationPlatforms) = postSolution
		{0D98F177-EC40-4C95-9DE3-B71BB8CFB823}.Debug|Any CPU.ActiveCfg = Debug|Any CPU
		{0D98F177-EC40-4C95-9DE3-B71BB8CFB823}.Debug|Any CPU.Build.0 = Debug|Any CPU
		{0D98F177-EC40-4C95-9DE3-B71BB8CFB823}.Release|Any CPU.ActiveCfg = Release|Any CPU
		{0D98F177-EC40-4C95-9DE3-B71BB8CFB823}.Release|Any CPU.Build.0 = Release|Any CPU
		{4592D166-7898-47FD-8A4C-E3589899EDA5}.Debug|Any CPU.ActiveCfg = Debug|Any CPU
		{4592D166-7898-47FD-8A4C-E3589899EDA5}.Debug|Any CPU.Build.0 = Debug|Any CPU
		{4592D166-7898-47FD-8A4C-E3589899EDA5}.Release|Any CPU.ActiveCfg = Release|Any CPU
		{4592D166-7898-47FD-8A4C-E3589899EDA5}.Release|Any CPU.Build.0 = Release|Any CPU
		{7EFA4EF4-1C3E-4718-A26A-892892D23A8D}.Debug|Any CPU.ActiveCfg = Debug|Any CPU
		{7EFA4EF4-1C3E-4718-A26A-892892D23A8D}.Debug|Any CPU.Build.0 = Debug|Any CPU
		{7EFA4EF4-1C3E-4718-A26A-892892D23A8D}.Release|Any CPU.ActiveCfg = Release|Any CPU
		{7EFA4EF4-1C3E-4718-A26A-892892D23A8D}.Release|Any CPU.Build.0 = Release|Any CPU
	EndGlobalSection
	GlobalSection(SolutionProperties) = preSolution
		HideSolutionNode = FALSE
	EndGlobalSection
	GlobalSection(ExtensibilityGlobals) = postSolution
		SolutionGuid = {F356B1D2-7434-460C-83C4-D93F5E11D842}
	EndGlobalSection
EndGlobal
